
Microsoft Visual Studio Solution File, Format Version 12.00
# Visual Studio Version 17
VisualStudioVersion = 17.3.32901.215
MinimumVisualStudioVersion = 10.0.40219.1
Project("{FAE04EC0-301F-11D3-BF4B-00C04F79EFBC}") = "Usuarios", "Usuario\Usuarios.csproj", "{7CFA9E65-5A3D-4B85-BC6F-430E6140D504}"
EndProject
Global
	GlobalSection(SolutionConfigurationPlatforms) = preSolution
		Debug|Any CPU = Debug|Any CPU
		Release|Any CPU = Release|Any CPU
	EndGlobalSection
	GlobalSection(ProjectConfigurationPlatforms) = postSolution
		{7CFA9E65-5A3D-4B85-BC6F-430E6140D504}.Debug|Any CPU.ActiveCfg = Debug|Any CPU
		{7CFA9E65-5A3D-4B85-BC6F-430E6140D504}.Debug|Any CPU.Build.0 = Debug|Any CPU
		{7CFA9E65-5A3D-4B85-BC6F-430E6140D504}.Release|Any CPU.ActiveCfg = Release|Any CPU
		{7CFA9E65-5A3D-4B85-BC6F-430E6140D504}.Release|Any CPU.Build.0 = Release|Any CPU
	EndGlobalSection
	GlobalSection(SolutionProperties) = preSolution
		HideSolutionNode = FALSE
	EndGlobalSection
	GlobalSection(ExtensibilityGlobals) = postSolution
		SolutionGuid = {48624C6B-1D31-495B-976B-4F97627230CC}
	EndGlobalSection
EndGlobal
